
Microsoft Visual Studio Solution File, Format Version 12.00
# Visual Studio Version 17
VisualStudioVersion = 17.8.34330.188
MinimumVisualStudioVersion = 10.0.40219.1
Project("{FAE04EC0-301F-11D3-BF4B-00C04F79EFBC}") = "desafioEstagio", "desafioEstagio\desafioEstagio.csproj", "{65565F8F-299C-4D83-8CEE-0A506222D327}"
EndProject
Global
	GlobalSection(SolutionConfigurationPlatforms) = preSolution
		Debug|Any CPU = Debug|Any CPU
		Release|Any CPU = Release|Any CPU
	EndGlobalSection
	GlobalSection(ProjectConfigurationPlatforms) = postSolution
		{65565F8F-299C-4D83-8CEE-0A506222D327}.Debug|Any CPU.ActiveCfg = Debug|Any CPU
		{65565F8F-299C-4D83-8CEE-0A506222D327}.Debug|Any CPU.Build.0 = Debug|Any CPU
		{65565F8F-299C-4D83-8CEE-0A506222D327}.Release|Any CPU.ActiveCfg = Release|Any CPU
		{65565F8F-299C-4D83-8CEE-0A506222D327}.Release|Any CPU.Build.0 = Release|Any CPU
	EndGlobalSection
	GlobalSection(SolutionProperties) = preSolution
		HideSolutionNode = FALSE
	EndGlobalSection
	GlobalSection(ExtensibilityGlobals) = postSolution
		SolutionGuid = {37B0F30F-87A9-49E2-ABF8-C3F933611585}
	EndGlobalSection
EndGlobal
